// !$*UTF8*$!
{
	archiveVersion = 1;
	classes = {
	};
	objectVersion = 50;
	objects = {

/* Begin PBXBuildFile section */
		D202BB4C2742DE0F00DA1F96 /* ViewOutputViewDelegate.swift in Sources */ = {isa = PBXBuildFile; fileRef = D202BB4B2742DE0F00DA1F96 /* ViewOutputViewDelegate.swift */; };
		D25046532742BFD1003C6CAD /* AppDelegate.swift in Sources */ = {isa = PBXBuildFile; fileRef = D25046522742BFD1003C6CAD /* AppDelegate.swift */; };
		D25046552742BFD1003C6CAD /* SceneDelegate.swift in Sources */ = {isa = PBXBuildFile; fileRef = D25046542742BFD1003C6CAD /* SceneDelegate.swift */; };
		D25046572742BFD1003C6CAD /* ViewController.swift in Sources */ = {isa = PBXBuildFile; fileRef = D25046562742BFD1003C6CAD /* ViewController.swift */; };
		D250465A2742BFD1003C6CAD /* Main.storyboard in Resources */ = {isa = PBXBuildFile; fileRef = D25046582742BFD1003C6CAD /* Main.storyboard */; };
		D250465C2742BFE0003C6CAD /* Assets.xcassets in Resources */ = {isa = PBXBuildFile; fileRef = D250465B2742BFE0003C6CAD /* Assets.xcassets */; };
		D250465F2742BFE0003C6CAD /* LaunchScreen.storyboard in Resources */ = {isa = PBXBuildFile; fileRef = D250465D2742BFE0003C6CAD /* LaunchScreen.storyboard */; };
		D25046812742D488003C6CAD /* Crypto.swift in Sources */ = {isa = PBXBuildFile; fileRef = D25046802742D488003C6CAD /* Crypto.swift */; };
		D25046862742D60C003C6CAD /* Presenter.swift in Sources */ = {isa = PBXBuildFile; fileRef = D25046852742D60C003C6CAD /* Presenter.swift */; };
		D25046892742D726003C6CAD /* ViewInputDelegate.swift in Sources */ = {isa = PBXBuildFile; fileRef = D25046882742D726003C6CAD /* ViewInputDelegate.swift */; };
/* End PBXBuildFile section */

/* Begin PBXFileReference section */
		D202BB4B2742DE0F00DA1F96 /* ViewOutputViewDelegate.swift */ = {isa = PBXFileReference; lastKnownFileType = sourcecode.swift; path = ViewOutputViewDelegate.swift; sourceTree = "<group>"; };
		D250464F2742BFD1003C6CAD /* MVP#1.app */ = {isa = PBXFileReference; explicitFileType = wrapper.application; includeInIndex = 0; path = "MVP#1.app"; sourceTree = BUILT_PRODUCTS_DIR; };
		D25046522742BFD1003C6CAD /* AppDelegate.swift */ = {isa = PBXFileReference; lastKnownFileType = sourcecode.swift; path = AppDelegate.swift; sourceTree = "<group>"; };
		D25046542742BFD1003C6CAD /* SceneDelegate.swift */ = {isa = PBXFileReference; lastKnownFileType = sourcecode.swift; path = SceneDelegate.swift; sourceTree = "<group>"; };
		D25046562742BFD1003C6CAD /* ViewController.swift */ = {isa = PBXFileReference; lastKnownFileType = sourcecode.swift; path = ViewController.swift; sourceTree = "<group>"; };
		D25046592742BFD1003C6CAD /* Base */ = {isa = PBXFileReference; lastKnownFileType = file.storyboard; name = Base; path = Base.lproj/Main.storyboard; sourceTree = "<group>"; };
		D250465B2742BFE0003C6CAD /* Assets.xcassets */ = {isa = PBXFileReference; lastKnownFileType = folder.assetcatalog; path = Assets.xcassets; sourceTree = "<group>"; };
		D250465E2742BFE0003C6CAD /* Base */ = {isa = PBXFileReference; lastKnownFileType = file.storyboard; name = Base; path = Base.lproj/LaunchScreen.storyboard; sourceTree = "<group>"; };
		D25046602742BFE0003C6CAD /* Info.plist */ = {isa = PBXFileReference; lastKnownFileType = text.plist.xml; path = Info.plist; sourceTree = "<group>"; };
		D25046802742D488003C6CAD /* Crypto.swift */ = {isa = PBXFileReference; lastKnownFileType = sourcecode.swift; path = Crypto.swift; sourceTree = "<group>"; };
		D25046852742D60C003C6CAD /* Presenter.swift */ = {isa = PBXFileReference; lastKnownFileType = sourcecode.swift; path = Presenter.swift; sourceTree = "<group>"; };
		D25046882742D726003C6CAD /* ViewInputDelegate.swift */ = {isa = PBXFileReference; lastKnownFileType = sourcecode.swift; path = ViewInputDelegate.swift; sourceTree = "<group>"; };
/* End PBXFileReference section */

/* Begin PBXFrameworksBuildPhase section */
		D250464C2742BFD1003C6CAD /* Frameworks */ = {
			isa = PBXFrameworksBuildPhase;
			buildActionMask = 2147483647;
			files = (
			);
			runOnlyForDeploymentPostprocessing = 0;
		};
/* End PBXFrameworksBuildPhase section */

/* Begin PBXGroup section */
		D25046462742BFD1003C6CAD = {
			isa = PBXGroup;
			children = (
				D25046512742BFD1003C6CAD /* MVP#1 */,
				D25046502742BFD1003C6CAD /* Products */,
			);
			sourceTree = "<group>";
		};
		D25046502742BFD1003C6CAD /* Products */ = {
			isa = PBXGroup;
			children = (
				D250464F2742BFD1003C6CAD /* MVP#1.app */,
			);
			name = Products;
			sourceTree = "<group>";
		};
		D25046512742BFD1003C6CAD /* MVP#1 */ = {
			isa = PBXGroup;
			children = (
				D250467D2742D407003C6CAD /* App */,
				D25046752742CBC4003C6CAD /* Presenters */,
				D25046742742CBB4003C6CAD /* Views */,
				D250467F2742D425003C6CAD /* Models */,
				D25046582742BFD1003C6CAD /* Main.storyboard */,
				D250465B2742BFE0003C6CAD /* Assets.xcassets */,
				D250465D2742BFE0003C6CAD /* LaunchScreen.storyboard */,
				D25046602742BFE0003C6CAD /* Info.plist */,
			);
			path = "MVP#1";
			sourceTree = "<group>";
		};
		D25046742742CBB4003C6CAD /* Views */ = {
			isa = PBXGroup;
			children = (
				D25046562742BFD1003C6CAD /* ViewController.swift */,
				D25046882742D726003C6CAD /* ViewInputDelegate.swift */,
				D202BB4B2742DE0F00DA1F96 /* ViewOutputViewDelegate.swift */,
			);
			path = Views;
			sourceTree = "<group>";
		};
		D25046752742CBC4003C6CAD /* Presenters */ = {
			isa = PBXGroup;
			children = (
				D25046852742D60C003C6CAD /* Presenter.swift */,
			);
			name = Presenters;
			sourceTree = "<group>";
		};
		D250467D2742D407003C6CAD /* App */ = {
			isa = PBXGroup;
			children = (
				D25046522742BFD1003C6CAD /* AppDelegate.swift */,
				D25046542742BFD1003C6CAD /* SceneDelegate.swift */,
			);
			path = App;
			sourceTree = "<group>";
		};
		D250467F2742D425003C6CAD /* Models */ = {
			isa = PBXGroup;
			children = (
				D25046802742D488003C6CAD /* Crypto.swift */,
			);
			path = Models;
			sourceTree = "<group>";
		};
/* End PBXGroup section */

/* Begin PBXNativeTarget section */
		D250464E2742BFD1003C6CAD /* MVP#1 */ = {
			isa = PBXNativeTarget;
			buildConfigurationList = D25046632742BFE0003C6CAD /* Build configuration list for PBXNativeTarget "MVP#1" */;
			buildPhases = (
				D250464B2742BFD1003C6CAD /* Sources */,
				D250464C2742BFD1003C6CAD /* Frameworks */,
				D250464D2742BFD1003C6CAD /* Resources */,
			);
			buildRules = (
			);
			dependencies = (
			);
			name = "MVP#1";
			productName = "MVP#1";
			productReference = D250464F2742BFD1003C6CAD /* MVP#1.app */;
			productType = "com.apple.product-type.application";
		};
/* End PBXNativeTarget section */

/* Begin PBXProject section */
		D25046472742BFD1003C6CAD /* Project object */ = {
			isa = PBXProject;
			attributes = {
				LastSwiftUpdateCheck = 1230;
				LastUpgradeCheck = 1230;
				TargetAttributes = {
					D250464E2742BFD1003C6CAD = {
						CreatedOnToolsVersion = 12.3;
					};
				};
			};
			buildConfigurationList = D250464A2742BFD1003C6CAD /* Build configuration list for PBXProject "MVP#1" */;
			compatibilityVersion = "Xcode 9.3";
			developmentRegion = en;
			hasScannedForEncodings = 0;
			knownRegions = (
				en,
				Base,
			);
			mainGroup = D25046462742BFD1003C6CAD;
			productRefGroup = D25046502742BFD1003C6CAD /* Products */;
			projectDirPath = "";
			projectRoot = "";
			targets = (
				D250464E2742BFD1003C6CAD /* MVP#1 */,
			);
		};
/* End PBXProject section */

/* Begin PBXResourcesBuildPhase section */
		D250464D2742BFD1003C6CAD /* Resources */ = {
			isa = PBXResourcesBuildPhase;
			buildActionMask = 2147483647;
			files = (
				D250465F2742BFE0003C6CAD /* LaunchScreen.storyboard in Resources */,
				D250465C2742BFE0003C6CAD /* Assets.xcassets in Resources */,
				D250465A2742BFD1003C6CAD /* Main.storyboard in Resources */,
			);
			runOnlyForDeploymentPostprocessing = 0;
		};
/* End PBXResourcesBuildPhase section */

/* Begin PBXSourcesBuildPhase section */
		D250464B2742BFD1003C6CAD /* Sources */ = {
			isa = PBXSourcesBuildPhase;
			buildActionMask = 2147483647;
			files = (
				D25046892742D726003C6CAD /* ViewInputDelegate.swift in Sources */,
				D25046572742BFD1003C6CAD /* ViewController.swift in Sources */,
				D25046812742D488003C6CAD /* Crypto.swift in Sources */,
				D25046532742BFD1003C6CAD /* AppDelegate.swift in Sources */,
				D25046862742D60C003C6CAD /* Presenter.swift in Sources */,
				D202BB4C2742DE0F00DA1F96 /* ViewOutputViewDelegate.swift in Sources */,
				D25046552742BFD1003C6CAD /* SceneDelegate.swift in Sources */,
			);
			runOnlyForDeploymentPostprocessing = 0;
		};
/* End PBXSourcesBuildPhase section */

/* Begin PBXVariantGroup section */
		D25046582742BFD1003C6CAD /* Main.storyboard */ = {
			isa = PBXVariantGroup;
			children = (
				D25046592742BFD1003C6CAD /* Base */,
			);
			name = Main.storyboard;
			sourceTree = "<group>";
		};
		D250465D2742BFE0003C6CAD /* LaunchScreen.storyboard */ = {
			isa = PBXVariantGroup;
			children = (
				D250465E2742BFE0003C6CAD /* Base */,
			);
			name = LaunchScreen.storyboard;
			sourceTree = "<group>";
		};
/* End PBXVariantGroup section */

/* Begin XCBuildConfiguration section */
		D25046612742BFE0003C6CAD /* Debug */ = {
			isa = XCBuildConfiguration;
			buildSettings = {
				ALWAYS_SEARCH_USER_PATHS = NO;
				CLANG_ANALYZER_NONNULL = YES;
				CLANG_ANALYZER_NUMBER_OBJECT_CONVERSION = YES_AGGRESSIVE;
				CLANG_CXX_LANGUAGE_STANDARD = "gnu++14";
				CLANG_CXX_LIBRARY = "libc++";
				CLANG_ENABLE_MODULES = YES;
				CLANG_ENABLE_OBJC_ARC = YES;
				CLANG_ENABLE_OBJC_WEAK = YES;
				CLANG_WARN_BLOCK_CAPTURE_AUTORELEASING = YES;
				CLANG_WARN_BOOL_CONVERSION = YES;
				CLANG_WARN_COMMA = YES;
				CLANG_WARN_CONSTANT_CONVERSION = YES;
				CLANG_WARN_DEPRECATED_OBJC_IMPLEMENTATIONS = YES;
				CLANG_WARN_DIRECT_OBJC_ISA_USAGE = YES_ERROR;
				CLANG_WARN_DOCUMENTATION_COMMENTS = YES;
				CLANG_WARN_EMPTY_BODY = YES;
				CLANG_WARN_ENUM_CONVERSION = YES;
				CLANG_WARN_INFINITE_RECURSION = YES;
				CLANG_WARN_INT_CONVERSION = YES;
				CLANG_WARN_NON_LITERAL_NULL_CONVERSION = YES;
				CLANG_WARN_OBJC_IMPLICIT_RETAIN_SELF = YES;
				CLANG_WARN_OBJC_LITERAL_CONVERSION = YES;
				CLANG_WARN_OBJC_ROOT_CLASS = YES_ERROR;
				CLANG_WARN_QUOTED_INCLUDE_IN_FRAMEWORK_HEADER = YES;
				CLANG_WARN_RANGE_LOOP_ANALYSIS = YES;
				CLANG_WARN_STRICT_PROTOTYPES = YES;
				CLANG_WARN_SUSPICIOUS_MOVE = YES;
				CLANG_WARN_UNGUARDED_AVAILABILITY = YES_AGGRESSIVE;
				CLANG_WARN_UNREACHABLE_CODE = YES;
				CLANG_WARN__DUPLICATE_METHOD_MATCH = YES;
				COPY_PHASE_STRIP = NO;
				DEBUG_INFORMATION_FORMAT = dwarf;
				ENABLE_STRICT_OBJC_MSGSEND = YES;
				ENABLE_TESTABILITY = YES;
				GCC_C_LANGUAGE_STANDARD = gnu11;
				GCC_DYNAMIC_NO_PIC = NO;
				GCC_NO_COMMON_BLOCKS = YES;
				GCC_OPTIMIZATION_LEVEL = 0;
				GCC_PREPROCESSOR_DEFINITIONS = (
					"DEBUG=1",
					"$(inherited)",
				);
				GCC_WARN_64_TO_32_BIT_CONVERSION = YES;
				GCC_WARN_ABOUT_RETURN_TYPE = YES_ERROR;
				GCC_WARN_UNDECLARED_SELECTOR = YES;
				GCC_WARN_UNINITIALIZED_AUTOS = YES_AGGRESSIVE;
				GCC_WARN_UNUSED_FUNCTION = YES;
				GCC_WARN_UNUSED_VARIABLE = YES;
				IPHONEOS_DEPLOYMENT_TARGET = 14.3;
				MTL_ENABLE_DEBUG_INFO = INCLUDE_SOURCE;
				MTL_FAST_MATH = YES;
				ONLY_ACTIVE_ARCH = YES;
				SDKROOT = iphoneos;
				SWIFT_ACTIVE_COMPILATION_CONDITIONS = DEBUG;
				SWIFT_OPTIMIZATION_LEVEL = "-Onone";
			};
			name = Debug;
		};
		D25046622742BFE0003C6CAD /* Release */ = {
			isa = XCBuildConfiguration;
			buildSettings = {
				ALWAYS_SEARCH_USER_PATHS = NO;
				CLANG_ANALYZER_NONNULL = YES;
				CLANG_ANALYZER_NUMBER_OBJECT_CONVERSION = YES_AGGRESSIVE;
				CLANG_CXX_LANGUAGE_STANDARD = "gnu++14";
				CLANG_CXX_LIBRARY = "libc++";
				CLANG_ENABLE_MODULES = YES;
				CLANG_ENABLE_OBJC_ARC = YES;
				CLANG_ENABLE_OBJC_WEAK = YES;
				CLANG_WARN_BLOCK_CAPTURE_AUTORELEASING = YES;
				CLANG_WARN_BOOL_CONVERSION = YES;
				CLANG_WARN_COMMA = YES;
				CLANG_WARN_CONSTANT_CONVERSION = YES;
				CLANG_WARN_DEPRECATED_OBJC_IMPLEMENTATIONS = YES;
				CLANG_WARN_DIRECT_OBJC_ISA_USAGE = YES_ERROR;
				CLANG_WARN_DOCUMENTATION_COMMENTS = YES;
				CLANG_WARN_EMPTY_BODY = YES;
				CLANG_WARN_ENUM_CONVERSION = YES;
				CLANG_WARN_INFINITE_RECURSION = YES;
				CLANG_WARN_INT_CONVERSION = YES;
				CLANG_WARN_NON_LITERAL_NULL_CONVERSION = YES;
				CLANG_WARN_OBJC_IMPLICIT_RETAIN_SELF = YES;
				CLANG_WARN_OBJC_LITERAL_CONVERSION = YES;
				CLANG_WARN_OBJC_ROOT_CLASS = YES_ERROR;
				CLANG_WARN_QUOTED_INCLUDE_IN_FRAMEWORK_HEADER = YES;
				CLANG_WARN_RANGE_LOOP_ANALYSIS = YES;
				CLANG_WARN_STRICT_PROTOTYPES = YES;
				CLANG_WARN_SUSPICIOUS_MOVE = YES;
				CLANG_WARN_UNGUARDED_AVAILABILITY = YES_AGGRESSIVE;
				CLANG_WARN_UNREACHABLE_CODE = YES;
				CLANG_WARN__DUPLICATE_METHOD_MATCH = YES;
				COPY_PHASE_STRIP = NO;
				DEBUG_INFORMATION_FORMAT = "dwarf-with-dsym";
				ENABLE_NS_ASSERTIONS = NO;
				ENABLE_STRICT_OBJC_MSGSEND = YES;
				GCC_C_LANGUAGE_STANDARD = gnu11;
				GCC_NO_COMMON_BLOCKS = YES;
				GCC_WARN_64_TO_32_BIT_CONVERSION = YES;
				GCC_WARN_ABOUT_RETURN_TYPE = YES_ERROR;
				GCC_WARN_UNDECLARED_SELECTOR = YES;
				GCC_WARN_UNINITIALIZED_AUTOS = YES_AGGRESSIVE;
				GCC_WARN_UNUSED_FUNCTION = YES;
				GCC_WARN_UNUSED_VARIABLE = YES;
				IPHONEOS_DEPLOYMENT_TARGET = 14.3;
				MTL_ENABLE_DEBUG_INFO = NO;
				MTL_FAST_MATH = YES;
				SDKROOT = iphoneos;
				SWIFT_COMPILATION_MODE = wholemodule;
				SWIFT_OPTIMIZATION_LEVEL = "-O";
				VALIDATE_PRODUCT = YES;
			};
			name = Release;
		};
		D25046642742BFE0003C6CAD /* Debug */ = {
			isa = XCBuildConfiguration;
			buildSettings = {
				ASSETCATALOG_COMPILER_APPICON_NAME = AppIcon;
				ASSETCATALOG_COMPILER_GLOBAL_ACCENT_COLOR_NAME = AccentColor;
				CODE_SIGN_STYLE = Automatic;
				DEVELOPMENT_TEAM = UJ8B9FFXUA;
				INFOPLIST_FILE = "MVP#1/Info.plist";
				LD_RUNPATH_SEARCH_PATHS = (
					"$(inherited)",
					"@executable_path/Frameworks",
				);
				PRODUCT_BUNDLE_IDENTIFIER = "KiKoTeam.MVP-1";
				PRODUCT_NAME = "$(TARGET_NAME)";
				SWIFT_VERSION = 5.0;
				TARGETED_DEVICE_FAMILY = "1,2";
			};
			name = Debug;
		};
		D25046652742BFE0003C6CAD /* Release */ = {
			isa = XCBuildConfiguration;
			buildSettings = {
				ASSETCATALOG_COMPILER_APPICON_NAME = AppIcon;
				ASSETCATALOG_COMPILER_GLOBAL_ACCENT_COLOR_NAME = AccentColor;
				CODE_SIGN_STYLE = Automatic;
				DEVELOPMENT_TEAM = UJ8B9FFXUA;
				INFOPLIST_FILE = "MVP#1/Info.plist";
				LD_RUNPATH_SEARCH_PATHS = (
					"$(inherited)",
					"@executable_path/Frameworks",
				);
				PRODUCT_BUNDLE_IDENTIFIER = "KiKoTeam.MVP-1";
				PRODUCT_NAME = "$(TARGET_NAME)";
				SWIFT_VERSION = 5.0;
				TARGETED_DEVICE_FAMILY = "1,2";
			};
			name = Release;
		};
/* End XCBuildConfiguration section */

/* Begin XCConfigurationList section */
		D250464A2742BFD1003C6CAD /* Build configuration list for PBXProject "MVP#1" */ = {
			isa = XCConfigurationList;
			buildConfigurations = (
				D25046612742BFE0003C6CAD /* Debug */,
				D25046622742BFE0003C6CAD /* Release */,
			);
			defaultConfigurationIsVisible = 0;
			defaultConfigurationName = Release;
		};
		D25046632742BFE0003C6CAD /* Build configuration list for PBXNativeTarget "MVP#1" */ = {
			isa = XCConfigurationList;
			buildConfigurations = (
				D25046642742BFE0003C6CAD /* Debug */,
				D25046652742BFE0003C6CAD /* Release */,
			);
			defaultConfigurationIsVisible = 0;
			defaultConfigurationName = Release;
		};
/* End XCConfigurationList section */
	};
	rootObject = D25046472742BFD1003C6CAD /* Project object */;
}
